
Microsoft Visual Studio Solution File, Format Version 12.00
# Visual Studio Version 17
VisualStudioVersion = 17.0.31903.59
MinimumVisualStudioVersion = 10.0.40219.1
Project("{FAE04EC0-301F-11D3-BF4B-00C04F79EFBC}") = "ChatGPTTaskApi", "ChatGPTTaskApi\ChatGPTTaskApi.csproj", "{8A8F3623-094F-45A9-86F4-4F8350588A80}"
EndProject
Project("{FAE04EC0-301F-11D3-BF4B-00C04F79EFBC}") = "ChatGPTTaskApi.Tests", "ChatGPTTaskApi.Tests\ChatGPTTaskApi.Tests.csproj", "{16BC3C9B-4566-4631-9808-3D7B59EE523F}"
EndProject
Global
	GlobalSection(SolutionConfigurationPlatforms) = preSolution
		Debug|Any CPU = Debug|Any CPU
		Release|Any CPU = Release|Any CPU
	EndGlobalSection
	GlobalSection(SolutionProperties) = preSolution
		HideSolutionNode = FALSE
	EndGlobalSection
	GlobalSection(ProjectConfigurationPlatforms) = postSolution
		{8A8F3623-094F-45A9-86F4-4F8350588A80}.Debug|Any CPU.ActiveCfg = Debug|Any CPU
		{8A8F3623-094F-45A9-86F4-4F8350588A80}.Debug|Any CPU.Build.0 = Debug|Any CPU
		{8A8F3623-094F-45A9-86F4-4F8350588A80}.Release|Any CPU.ActiveCfg = Release|Any CPU
		{8A8F3623-094F-45A9-86F4-4F8350588A80}.Release|Any CPU.Build.0 = Release|Any CPU
		{16BC3C9B-4566-4631-9808-3D7B59EE523F}.Debug|Any CPU.ActiveCfg = Debug|Any CPU
		{16BC3C9B-4566-4631-9808-3D7B59EE523F}.Debug|Any CPU.Build.0 = Debug|Any CPU
		{16BC3C9B-4566-4631-9808-3D7B59EE523F}.Release|Any CPU.ActiveCfg = Release|Any CPU
		{16BC3C9B-4566-4631-9808-3D7B59EE523F}.Release|Any CPU.Build.0 = Release|Any CPU
	EndGlobalSection
EndGlobal
